// !$*UTF8*$!
{
	archiveVersion = 1;
	classes = {
	};
	objectVersion = 56;
	objects = {

/* Begin PBXBuildFile section */
		101211C32D94330B00B6E784 /* kordicApp.swift in Sources */ = {isa = PBXBuildFile; fileRef = 101211C22D94330B00B6E784 /* kordicApp.swift */; };
		101211C52D94330B00B6E784 /* ContentView.swift in Sources */ = {isa = PBXBuildFile; fileRef = 101211C42D94330B00B6E784 /* ContentView.swift */; };
		101211C72D94330E00B6E784 /* Assets.xcassets in Resources */ = {isa = PBXBuildFile; fileRef = 101211C62D94330E00B6E784 /* Assets.xcassets */; };
		101211CA2D94330E00B6E784 /* Preview Assets.xcassets in Resources */ = {isa = PBXBuildFile; fileRef = 101211C92D94330E00B6E784 /* Preview Assets.xcassets */; };
		101211D12D9439D800B6E784 /* LearningCategoryView.swift in Sources */ = {isa = PBXBuildFile; fileRef = 101211D02D9439D800B6E784 /* LearningCategoryView.swift */; };
		101211D32D9439EE00B6E784 /* KoreanCharacterCategoryView.swift in Sources */ = {isa = PBXBuildFile; fileRef = 101211D22D9439EE00B6E784 /* KoreanCharacterCategoryView.swift */; };
		101211D52D9439FE00B6E784 /* QuizCategoryView.swift in Sources */ = {isa = PBXBuildFile; fileRef = 101211D42D9439FE00B6E784 /* QuizCategoryView.swift */; };
		101211D72D94410C00B6E784 /* SettingsView.swift in Sources */ = {isa = PBXBuildFile; fileRef = 101211D62D94410B00B6E784 /* SettingsView.swift */; };
/* End PBXBuildFile section */

/* Begin PBXFileReference section */
		101211BF2D94330B00B6E784 /* kordic.app */ = {isa = PBXFileReference; explicitFileType = wrapper.application; includeInIndex = 0; path = kordic.app; sourceTree = BUILT_PRODUCTS_DIR; };
		101211C22D94330B00B6E784 /* kordicApp.swift */ = {isa = PBXFileReference; lastKnownFileType = sourcecode.swift; path = kordicApp.swift; sourceTree = "<group>"; };
		101211C42D94330B00B6E784 /* ContentView.swift */ = {isa = PBXFileReference; lastKnownFileType = sourcecode.swift; path = ContentView.swift; sourceTree = "<group>"; };
		101211C62D94330E00B6E784 /* Assets.xcassets */ = {isa = PBXFileReference; lastKnownFileType = folder.assetcatalog; path = Assets.xcassets; sourceTree = "<group>"; };
		101211C92D94330E00B6E784 /* Preview Assets.xcassets */ = {isa = PBXFileReference; lastKnownFileType = folder.assetcatalog; path = "Preview Assets.xcassets"; sourceTree = "<group>"; };
		101211D02D9439D800B6E784 /* LearningCategoryView.swift */ = {isa = PBXFileReference; lastKnownFileType = sourcecode.swift; path = LearningCategoryView.swift; sourceTree = "<group>"; };
		101211D22D9439EE00B6E784 /* KoreanCharacterCategoryView.swift */ = {isa = PBXFileReference; lastKnownFileType = sourcecode.swift; path = KoreanCharacterCategoryView.swift; sourceTree = "<group>"; };
		101211D42D9439FE00B6E784 /* QuizCategoryView.swift */ = {isa = PBXFileReference; lastKnownFileType = sourcecode.swift; path = QuizCategoryView.swift; sourceTree = "<group>"; };
		101211D62D94410B00B6E784 /* SettingsView.swift */ = {isa = PBXFileReference; lastKnownFileType = sourcecode.swift; path = SettingsView.swift; sourceTree = "<group>"; };
/* End PBXFileReference section */

/* Begin PBXFrameworksBuildPhase section */
		101211BC2D94330B00B6E784 /* Frameworks */ = {
			isa = PBXFrameworksBuildPhase;
			buildActionMask = 2147483647;
			files = (
			);
			runOnlyForDeploymentPostprocessing = 0;
		};
/* End PBXFrameworksBuildPhase section */

/* Begin PBXGroup section */
		101211B62D94330A00B6E784 = {
			isa = PBXGroup;
			children = (
				101211C12D94330B00B6E784 /* kordic */,
				101211C02D94330B00B6E784 /* Products */,
			);
			sourceTree = "<group>";
		};
		101211C02D94330B00B6E784 /* Products */ = {
			isa = PBXGroup;
			children = (
				101211BF2D94330B00B6E784 /* kordic.app */,
			);
			name = Products;
			sourceTree = "<group>";
		};
		101211C12D94330B00B6E784 /* kordic */ = {
			isa = PBXGroup;
			children = (
				101211C22D94330B00B6E784 /* kordicApp.swift */,
				101211C42D94330B00B6E784 /* ContentView.swift */,
				101211D62D94410B00B6E784 /* SettingsView.swift */,
				101211D02D9439D800B6E784 /* LearningCategoryView.swift */,
				101211D22D9439EE00B6E784 /* KoreanCharacterCategoryView.swift */,
				101211D42D9439FE00B6E784 /* QuizCategoryView.swift */,
				101211C62D94330E00B6E784 /* Assets.xcassets */,
				101211C82D94330E00B6E784 /* Preview Content */,
			);
			path = kordic;
			sourceTree = "<group>";
		};
		101211C82D94330E00B6E784 /* Preview Content */ = {
			isa = PBXGroup;
			children = (
				101211C92D94330E00B6E784 /* Preview Assets.xcassets */,
			);
			path = "Preview Content";
			sourceTree = "<group>";
		};
/* End PBXGroup section */

/* Begin PBXNativeTarget section */
		101211BE2D94330B00B6E784 /* kordic */ = {
			isa = PBXNativeTarget;
			buildConfigurationList = 101211CD2D94330E00B6E784 /* Build configuration list for PBXNativeTarget "kordic" */;
			buildPhases = (
				101211BB2D94330B00B6E784 /* Sources */,
				101211BC2D94330B00B6E784 /* Frameworks */,
				101211BD2D94330B00B6E784 /* Resources */,
			);
			buildRules = (
			);
			dependencies = (
			);
			name = kordic;
			productName = kordic;
			productReference = 101211BF2D94330B00B6E784 /* kordic.app */;
			productType = "com.apple.product-type.application";
		};
/* End PBXNativeTarget section */

/* Begin PBXProject section */
		101211B72D94330A00B6E784 /* Project object */ = {
			isa = PBXProject;
			attributes = {
				BuildIndependentTargetsInParallel = 1;
				LastSwiftUpdateCheck = 1520;
				LastUpgradeCheck = 1520;
				TargetAttributes = {
					101211BE2D94330B00B6E784 = {
						CreatedOnToolsVersion = 15.2;
					};
				};
			};
			buildConfigurationList = 101211BA2D94330A00B6E784 /* Build configuration list for PBXProject "kordic" */;
			compatibilityVersion = "Xcode 14.0";
			developmentRegion = en;
			hasScannedForEncodings = 0;
			knownRegions = (
				en,
				Base,
			);
			mainGroup = 101211B62D94330A00B6E784;
			productRefGroup = 101211C02D94330B00B6E784 /* Products */;
			projectDirPath = "";
			projectRoot = "";
			targets = (
				101211BE2D94330B00B6E784 /* kordic */,
			);
		};
/* End PBXProject section */

/* Begin PBXResourcesBuildPhase section */
		101211BD2D94330B00B6E784 /* Resources */ = {
			isa = PBXResourcesBuildPhase;
			buildActionMask = 2147483647;
			files = (
				101211CA2D94330E00B6E784 /* Preview Assets.xcassets in Resources */,
				101211C72D94330E00B6E784 /* Assets.xcassets in Resources */,
			);
			runOnlyForDeploymentPostprocessing = 0;
		};
/* End PBXResourcesBuildPhase section */

/* Begin PBXSourcesBuildPhase section */
		101211BB2D94330B00B6E784 /* Sources */ = {
			isa = PBXSourcesBuildPhase;
			buildActionMask = 2147483647;
			files = (
				101211D12D9439D800B6E784 /* LearningCategoryView.swift in Sources */,
				101211C52D94330B00B6E784 /* ContentView.swift in Sources */,
				101211D32D9439EE00B6E784 /* KoreanCharacterCategoryView.swift in Sources */,
				101211D72D94410C00B6E784 /* SettingsView.swift in Sources */,
				101211C32D94330B00B6E784 /* kordicApp.swift in Sources */,
				101211D52D9439FE00B6E784 /* QuizCategoryView.swift in Sources */,
			);
			runOnlyForDeploymentPostprocessing = 0;
		};
/* End PBXSourcesBuildPhase section */

/* Begin XCBuildConfiguration section */
		101211CB2D94330E00B6E784 /* Debug */ = {
			isa = XCBuildConfiguration;
			buildSettings = {
				ALWAYS_SEARCH_USER_PATHS = NO;
				ASSETCATALOG_COMPILER_GENERATE_SWIFT_ASSET_SYMBOL_EXTENSIONS = YES;
				CLANG_ANALYZER_NONNULL = YES;
				CLANG_ANALYZER_NUMBER_OBJECT_CONVERSION = YES_AGGRESSIVE;
				CLANG_CXX_LANGUAGE_STANDARD = "gnu++20";
				CLANG_ENABLE_MODULES = YES;
				CLANG_ENABLE_OBJC_ARC = YES;
				CLANG_ENABLE_OBJC_WEAK = YES;
				CLANG_WARN_BLOCK_CAPTURE_AUTORELEASING = YES;
				CLANG_WARN_BOOL_CONVERSION = YES;
				CLANG_WARN_COMMA = YES;
				CLANG_WARN_CONSTANT_CONVERSION = YES;
				CLANG_WARN_DEPRECATED_OBJC_IMPLEMENTATIONS = YES;
				CLANG_WARN_DIRECT_OBJC_ISA_USAGE = YES_ERROR;
				CLANG_WARN_DOCUMENTATION_COMMENTS = YES;
				CLANG_WARN_EMPTY_BODY = YES;
				CLANG_WARN_ENUM_CONVERSION = YES;
				CLANG_WARN_INFINITE_RECURSION = YES;
				CLANG_WARN_INT_CONVERSION = YES;
				CLANG_WARN_NON_LITERAL_NULL_CONVERSION = YES;
				CLANG_WARN_OBJC_IMPLICIT_RETAIN_SELF = YES;
				CLANG_WARN_OBJC_LITERAL_CONVERSION = YES;
				CLANG_WARN_OBJC_ROOT_CLASS = YES_ERROR;
				CLANG_WARN_QUOTED_INCLUDE_IN_FRAMEWORK_HEADER = YES;
				CLANG_WARN_RANGE_LOOP_ANALYSIS = YES;
				CLANG_WARN_STRICT_PROTOTYPES = YES;
				CLANG_WARN_SUSPICIOUS_MOVE = YES;
				CLANG_WARN_UNGUARDED_AVAILABILITY = YES_AGGRESSIVE;
				CLANG_WARN_UNREACHABLE_CODE = YES;
				CLANG_WARN__DUPLICATE_METHOD_MATCH = YES;
				COPY_PHASE_STRIP = NO;
				DEBUG_INFORMATION_FORMAT = dwarf;
				ENABLE_STRICT_OBJC_MSGSEND = YES;
				ENABLE_TESTABILITY = YES;
				ENABLE_USER_SCRIPT_SANDBOXING = YES;
				GCC_C_LANGUAGE_STANDARD = gnu17;
				GCC_DYNAMIC_NO_PIC = NO;
				GCC_NO_COMMON_BLOCKS = YES;
				GCC_OPTIMIZATION_LEVEL = 0;
				GCC_PREPROCESSOR_DEFINITIONS = (
					"DEBUG=1",
					"$(inherited)",
				);
				GCC_WARN_64_TO_32_BIT_CONVERSION = YES;
				GCC_WARN_ABOUT_RETURN_TYPE = YES_ERROR;
				GCC_WARN_UNDECLARED_SELECTOR = YES;
				GCC_WARN_UNINITIALIZED_AUTOS = YES_AGGRESSIVE;
				GCC_WARN_UNUSED_FUNCTION = YES;
				GCC_WARN_UNUSED_VARIABLE = YES;
				IPHONEOS_DEPLOYMENT_TARGET = 17.2;
				LOCALIZATION_PREFERS_STRING_CATALOGS = YES;
				MTL_ENABLE_DEBUG_INFO = INCLUDE_SOURCE;
				MTL_FAST_MATH = YES;
				ONLY_ACTIVE_ARCH = YES;
				SDKROOT = iphoneos;
				SWIFT_ACTIVE_COMPILATION_CONDITIONS = "DEBUG $(inherited)";
				SWIFT_OPTIMIZATION_LEVEL = "-Onone";
			};
			name = Debug;
		};
		101211CC2D94330E00B6E784 /* Release */ = {
			isa = XCBuildConfiguration;
			buildSettings = {
				ALWAYS_SEARCH_USER_PATHS = NO;
				ASSETCATALOG_COMPILER_GENERATE_SWIFT_ASSET_SYMBOL_EXTENSIONS = YES;
				CLANG_ANALYZER_NONNULL = YES;
				CLANG_ANALYZER_NUMBER_OBJECT_CONVERSION = YES_AGGRESSIVE;
				CLANG_CXX_LANGUAGE_STANDARD = "gnu++20";
				CLANG_ENABLE_MODULES = YES;
				CLANG_ENABLE_OBJC_ARC = YES;
				CLANG_ENABLE_OBJC_WEAK = YES;
				CLANG_WARN_BLOCK_CAPTURE_AUTORELEASING = YES;
				CLANG_WARN_BOOL_CONVERSION = YES;
				CLANG_WARN_COMMA = YES;
				CLANG_WARN_CONSTANT_CONVERSION = YES;
				CLANG_WARN_DEPRECATED_OBJC_IMPLEMENTATIONS = YES;
				CLANG_WARN_DIRECT_OBJC_ISA_USAGE = YES_ERROR;
				CLANG_WARN_DOCUMENTATION_COMMENTS = YES;
				CLANG_WARN_EMPTY_BODY = YES;
				CLANG_WARN_ENUM_CONVERSION = YES;
				CLANG_WARN_INFINITE_RECURSION = YES;
				CLANG_WARN_INT_CONVERSION = YES;
				CLANG_WARN_NON_LITERAL_NULL_CONVERSION = YES;
				CLANG_WARN_OBJC_IMPLICIT_RETAIN_SELF = YES;
				CLANG_WARN_OBJC_LITERAL_CONVERSION = YES;
				CLANG_WARN_OBJC_ROOT_CLASS = YES_ERROR;
				CLANG_WARN_QUOTED_INCLUDE_IN_FRAMEWORK_HEADER = YES;
				CLANG_WARN_RANGE_LOOP_ANALYSIS = YES;
				CLANG_WARN_STRICT_PROTOTYPES = YES;
				CLANG_WARN_SUSPICIOUS_MOVE = YES;
				CLANG_WARN_UNGUARDED_AVAILABILITY = YES_AGGRESSIVE;
				CLANG_WARN_UNREACHABLE_CODE = YES;
				CLANG_WARN__DUPLICATE_METHOD_MATCH = YES;
				COPY_PHASE_STRIP = NO;
				DEBUG_INFORMATION_FORMAT = "dwarf-with-dsym";
				ENABLE_NS_ASSERTIONS = NO;
				ENABLE_STRICT_OBJC_MSGSEND = YES;
				ENABLE_USER_SCRIPT_SANDBOXING = YES;
				GCC_C_LANGUAGE_STANDARD = gnu17;
				GCC_NO_COMMON_BLOCKS = YES;
				GCC_WARN_64_TO_32_BIT_CONVERSION = YES;
				GCC_WARN_ABOUT_RETURN_TYPE = YES_ERROR;
				GCC_WARN_UNDECLARED_SELECTOR = YES;
				GCC_WARN_UNINITIALIZED_AUTOS = YES_AGGRESSIVE;
				GCC_WARN_UNUSED_FUNCTION = YES;
				GCC_WARN_UNUSED_VARIABLE = YES;
				IPHONEOS_DEPLOYMENT_TARGET = 17.2;
				LOCALIZATION_PREFERS_STRING_CATALOGS = YES;
				MTL_ENABLE_DEBUG_INFO = NO;
				MTL_FAST_MATH = YES;
				SDKROOT = iphoneos;
				SWIFT_COMPILATION_MODE = wholemodule;
				VALIDATE_PRODUCT = YES;
			};
			name = Release;
		};
		101211CE2D94330E00B6E784 /* Debug */ = {
			isa = XCBuildConfiguration;
			buildSettings = {
				ASSETCATALOG_COMPILER_APPICON_NAME = AppIcon;
				ASSETCATALOG_COMPILER_GLOBAL_ACCENT_COLOR_NAME = AccentColor;
				CODE_SIGN_STYLE = Automatic;
				CURRENT_PROJECT_VERSION = 1;
				DEVELOPMENT_ASSET_PATHS = "\"kordic/Preview Content\"";
				DEVELOPMENT_TEAM = 3CDS36TP26;
				ENABLE_PREVIEWS = YES;
				GENERATE_INFOPLIST_FILE = YES;
				INFOPLIST_KEY_UIApplicationSceneManifest_Generation = YES;
				INFOPLIST_KEY_UIApplicationSupportsIndirectInputEvents = YES;
				INFOPLIST_KEY_UILaunchScreen_Generation = YES;
				INFOPLIST_KEY_UISupportedInterfaceOrientations_iPad = "UIInterfaceOrientationPortrait UIInterfaceOrientationPortraitUpsideDown UIInterfaceOrientationLandscapeLeft UIInterfaceOrientationLandscapeRight";
				INFOPLIST_KEY_UISupportedInterfaceOrientations_iPhone = "UIInterfaceOrientationPortrait UIInterfaceOrientationLandscapeLeft UIInterfaceOrientationLandscapeRight";
				LD_RUNPATH_SEARCH_PATHS = (
					"$(inherited)",
					"@executable_path/Frameworks",
				);
				MARKETING_VERSION = 1.0;
				PRODUCT_BUNDLE_IDENTIFIER = gaku.kordic;
				PRODUCT_NAME = "$(TARGET_NAME)";
				SWIFT_EMIT_LOC_STRINGS = YES;
				SWIFT_VERSION = 5.0;
				TARGETED_DEVICE_FAMILY = "1,2";
			};
			name = Debug;
		};
		101211CF2D94330E00B6E784 /* Release */ = {
			isa = XCBuildConfiguration;
			buildSettings = {
				ASSETCATALOG_COMPILER_APPICON_NAME = AppIcon;
				ASSETCATALOG_COMPILER_GLOBAL_ACCENT_COLOR_NAME = AccentColor;
				CODE_SIGN_STYLE = Automatic;
				CURRENT_PROJECT_VERSION = 1;
				DEVELOPMENT_ASSET_PATHS = "\"kordic/Preview Content\"";
				DEVELOPMENT_TEAM = 3CDS36TP26;
				ENABLE_PREVIEWS = YES;
				GENERATE_INFOPLIST_FILE = YES;
				INFOPLIST_KEY_UIApplicationSceneManifest_Generation = YES;
				INFOPLIST_KEY_UIApplicationSupportsIndirectInputEvents = YES;
				INFOPLIST_KEY_UILaunchScreen_Generation = YES;
				INFOPLIST_KEY_UISupportedInterfaceOrientations_iPad = "UIInterfaceOrientationPortrait UIInterfaceOrientationPortraitUpsideDown UIInterfaceOrientationLandscapeLeft UIInterfaceOrientationLandscapeRight";
				INFOPLIST_KEY_UISupportedInterfaceOrientations_iPhone = "UIInterfaceOrientationPortrait UIInterfaceOrientationLandscapeLeft UIInterfaceOrientationLandscapeRight";
				LD_RUNPATH_SEARCH_PATHS = (
					"$(inherited)",
					"@executable_path/Frameworks",
				);
				MARKETING_VERSION = 1.0;
				PRODUCT_BUNDLE_IDENTIFIER = gaku.kordic;
				PRODUCT_NAME = "$(TARGET_NAME)";
				SWIFT_EMIT_LOC_STRINGS = YES;
				SWIFT_VERSION = 5.0;
				TARGETED_DEVICE_FAMILY = "1,2";
			};
			name = Release;
		};
/* End XCBuildConfiguration section */

/* Begin XCConfigurationList section */
		101211BA2D94330A00B6E784 /* Build configuration list for PBXProject "kordic" */ = {
			isa = XCConfigurationList;
			buildConfigurations = (
				101211CB2D94330E00B6E784 /* Debug */,
				101211CC2D94330E00B6E784 /* Release */,
			);
			defaultConfigurationIsVisible = 0;
			defaultConfigurationName = Release;
		};
		101211CD2D94330E00B6E784 /* Build configuration list for PBXNativeTarget "kordic" */ = {
			isa = XCConfigurationList;
			buildConfigurations = (
				101211CE2D94330E00B6E784 /* Debug */,
				101211CF2D94330E00B6E784 /* Release */,
			);
			defaultConfigurationIsVisible = 0;
			defaultConfigurationName = Release;
		};
/* End XCConfigurationList section */
	};
	rootObject = 101211B72D94330A00B6E784 /* Project object */;
}
